
Microsoft Visual Studio Solution File, Format Version 12.00
# Visual Studio Version 17
VisualStudioVersion = 17.9.34714.143
MinimumVisualStudioVersion = 10.0.40219.1
Project("{FAE04EC0-301F-11D3-BF4B-00C04F79EFBC}") = "DD Programming_Q3_FileIO", "DD Programming_Q3_FileIO\DD Programming_Q3_FileIO.csproj", "{F1FA8AF2-FE42-4332-A589-DE5DD60FF84D}"
EndProject
Global
	GlobalSection(SolutionConfigurationPlatforms) = preSolution
		Debug|Any CPU = Debug|Any CPU
		Release|Any CPU = Release|Any CPU
	EndGlobalSection
	GlobalSection(ProjectConfigurationPlatforms) = postSolution
		{F1FA8AF2-FE42-4332-A589-DE5DD60FF84D}.Debug|Any CPU.ActiveCfg = Debug|Any CPU
		{F1FA8AF2-FE42-4332-A589-DE5DD60FF84D}.Debug|Any CPU.Build.0 = Debug|Any CPU
		{F1FA8AF2-FE42-4332-A589-DE5DD60FF84D}.Release|Any CPU.ActiveCfg = Release|Any CPU
		{F1FA8AF2-FE42-4332-A589-DE5DD60FF84D}.Release|Any CPU.Build.0 = Release|Any CPU
	EndGlobalSection
	GlobalSection(SolutionProperties) = preSolution
		HideSolutionNode = FALSE
	EndGlobalSection
	GlobalSection(ExtensibilityGlobals) = postSolution
		SolutionGuid = {503EE37C-346A-4183-AAE1-55F8169D46E1}
	EndGlobalSection
EndGlobal
