
Microsoft Visual Studio Solution File, Format Version 12.00
# Visual Studio Version 17
VisualStudioVersion = 17.9.34714.143
MinimumVisualStudioVersion = 10.0.40219.1
Project("{FAE04EC0-301F-11D3-BF4B-00C04F79EFBC}") = "Lesson 4 & 5 Quiz", "Lesson 4 & 5 Quiz\Lesson 4 & 5 Quiz.csproj", "{7BEE0A2F-B4E7-4EC5-AC7B-1A565B1D5406}"
EndProject
Global
	GlobalSection(SolutionConfigurationPlatforms) = preSolution
		Debug|Any CPU = Debug|Any CPU
		Release|Any CPU = Release|Any CPU
	EndGlobalSection
	GlobalSection(ProjectConfigurationPlatforms) = postSolution
		{7BEE0A2F-B4E7-4EC5-AC7B-1A565B1D5406}.Debug|Any CPU.ActiveCfg = Debug|Any CPU
		{7BEE0A2F-B4E7-4EC5-AC7B-1A565B1D5406}.Debug|Any CPU.Build.0 = Debug|Any CPU
		{7BEE0A2F-B4E7-4EC5-AC7B-1A565B1D5406}.Release|Any CPU.ActiveCfg = Release|Any CPU
		{7BEE0A2F-B4E7-4EC5-AC7B-1A565B1D5406}.Release|Any CPU.Build.0 = Release|Any CPU
	EndGlobalSection
	GlobalSection(SolutionProperties) = preSolution
		HideSolutionNode = FALSE
	EndGlobalSection
	GlobalSection(ExtensibilityGlobals) = postSolution
		SolutionGuid = {263C15F3-3372-43C1-B0F4-829A908718DF}
	EndGlobalSection
EndGlobal
