
Microsoft Visual Studio Solution File, Format Version 12.00
# Visual Studio Version 17
VisualStudioVersion = 17.9.34714.143
MinimumVisualStudioVersion = 10.0.40219.1
Project("{FAE04EC0-301F-11D3-BF4B-00C04F79EFBC}") = "Lesson 4 , 5 & 6 Quiz", "Lesson 4 , 5 & 6 Quiz\Lesson 4 , 5 & 6 Quiz.csproj", "{42690339-D2C6-4328-9C33-426BE8438268}"
EndProject
Global
	GlobalSection(SolutionConfigurationPlatforms) = preSolution
		Debug|Any CPU = Debug|Any CPU
		Release|Any CPU = Release|Any CPU
	EndGlobalSection
	GlobalSection(ProjectConfigurationPlatforms) = postSolution
		{42690339-D2C6-4328-9C33-426BE8438268}.Debug|Any CPU.ActiveCfg = Debug|Any CPU
		{42690339-D2C6-4328-9C33-426BE8438268}.Debug|Any CPU.Build.0 = Debug|Any CPU
		{42690339-D2C6-4328-9C33-426BE8438268}.Release|Any CPU.ActiveCfg = Release|Any CPU
		{42690339-D2C6-4328-9C33-426BE8438268}.Release|Any CPU.Build.0 = Release|Any CPU
	EndGlobalSection
	GlobalSection(SolutionProperties) = preSolution
		HideSolutionNode = FALSE
	EndGlobalSection
	GlobalSection(ExtensibilityGlobals) = postSolution
		SolutionGuid = {BEF6E15A-91A0-4579-849A-1DC27D2C6526}
	EndGlobalSection
EndGlobal
