
Microsoft Visual Studio Solution File, Format Version 12.00
# Visual Studio Version 17
VisualStudioVersion = 17.9.34714.143
MinimumVisualStudioVersion = 10.0.40219.1
Project("{FAE04EC0-301F-11D3-BF4B-00C04F79EFBC}") = "Scope and Conditional Flow_Q3_Scope", "Scope and Conditional Flow_Q3_Scope\Scope and Conditional Flow_Q3_Scope.csproj", "{84567ECB-BD1C-4070-A17C-E95A73689AF2}"
EndProject
Global
	GlobalSection(SolutionConfigurationPlatforms) = preSolution
		Debug|Any CPU = Debug|Any CPU
		Release|Any CPU = Release|Any CPU
	EndGlobalSection
	GlobalSection(ProjectConfigurationPlatforms) = postSolution
		{84567ECB-BD1C-4070-A17C-E95A73689AF2}.Debug|Any CPU.ActiveCfg = Debug|Any CPU
		{84567ECB-BD1C-4070-A17C-E95A73689AF2}.Debug|Any CPU.Build.0 = Debug|Any CPU
		{84567ECB-BD1C-4070-A17C-E95A73689AF2}.Release|Any CPU.ActiveCfg = Release|Any CPU
		{84567ECB-BD1C-4070-A17C-E95A73689AF2}.Release|Any CPU.Build.0 = Release|Any CPU
	EndGlobalSection
	GlobalSection(SolutionProperties) = preSolution
		HideSolutionNode = FALSE
	EndGlobalSection
	GlobalSection(ExtensibilityGlobals) = postSolution
		SolutionGuid = {99C6BC64-C6BA-423E-A232-109DC37F9738}
	EndGlobalSection
EndGlobal
