
Microsoft Visual Studio Solution File, Format Version 12.00
# Visual Studio Version 17
VisualStudioVersion = 17.9.34714.143
MinimumVisualStudioVersion = 10.0.40219.1
Project("{FAE04EC0-301F-11D3-BF4B-00C04F79EFBC}") = "Introduction_Q1_Variables", "Introduction_Q1_Variables\Introduction_Q1_Variables.csproj", "{B86DA12D-5C7D-41AB-B257-B29495D94754}"
EndProject
Global
	GlobalSection(SolutionConfigurationPlatforms) = preSolution
		Debug|Any CPU = Debug|Any CPU
		Release|Any CPU = Release|Any CPU
	EndGlobalSection
	GlobalSection(ProjectConfigurationPlatforms) = postSolution
		{B86DA12D-5C7D-41AB-B257-B29495D94754}.Debug|Any CPU.ActiveCfg = Debug|Any CPU
		{B86DA12D-5C7D-41AB-B257-B29495D94754}.Debug|Any CPU.Build.0 = Debug|Any CPU
		{B86DA12D-5C7D-41AB-B257-B29495D94754}.Release|Any CPU.ActiveCfg = Release|Any CPU
		{B86DA12D-5C7D-41AB-B257-B29495D94754}.Release|Any CPU.Build.0 = Release|Any CPU
	EndGlobalSection
	GlobalSection(SolutionProperties) = preSolution
		HideSolutionNode = FALSE
	EndGlobalSection
	GlobalSection(ExtensibilityGlobals) = postSolution
		SolutionGuid = {8AAF6C94-854A-438B-975B-A825F716F36D}
	EndGlobalSection
EndGlobal
