
Microsoft Visual Studio Solution File, Format Version 12.00
# Visual Studio Version 17
VisualStudioVersion = 17.9.34714.143
MinimumVisualStudioVersion = 10.0.40219.1
Project("{FAE04EC0-301F-11D3-BF4B-00C04F79EFBC}") = "Scope and Conditional Flow_Q3_For_Loops", "Scope and Conditional Flow_Q3_For_Loops\Scope and Conditional Flow_Q3_For_Loops.csproj", "{656C395C-4E15-40AD-A792-4F9DA7BDD4AA}"
EndProject
Global
	GlobalSection(SolutionConfigurationPlatforms) = preSolution
		Debug|Any CPU = Debug|Any CPU
		Release|Any CPU = Release|Any CPU
	EndGlobalSection
	GlobalSection(ProjectConfigurationPlatforms) = postSolution
		{656C395C-4E15-40AD-A792-4F9DA7BDD4AA}.Debug|Any CPU.ActiveCfg = Debug|Any CPU
		{656C395C-4E15-40AD-A792-4F9DA7BDD4AA}.Debug|Any CPU.Build.0 = Debug|Any CPU
		{656C395C-4E15-40AD-A792-4F9DA7BDD4AA}.Release|Any CPU.ActiveCfg = Release|Any CPU
		{656C395C-4E15-40AD-A792-4F9DA7BDD4AA}.Release|Any CPU.Build.0 = Release|Any CPU
	EndGlobalSection
	GlobalSection(SolutionProperties) = preSolution
		HideSolutionNode = FALSE
	EndGlobalSection
	GlobalSection(ExtensibilityGlobals) = postSolution
		SolutionGuid = {E26D05FC-E5E6-4A60-A6B0-CD6B88A0C81C}
	EndGlobalSection
EndGlobal
