
Microsoft Visual Studio Solution File, Format Version 12.00
# Visual Studio Version 17
VisualStudioVersion = 17.9.34714.143
MinimumVisualStudioVersion = 10.0.40219.1
Project("{FAE04EC0-301F-11D3-BF4B-00C04F79EFBC}") = "Functions_Q1_Functions_Basics", "Functions_Q1_Functions_Basics\Functions_Q1_Functions_Basics.csproj", "{16C091F7-1E2A-42CE-B34C-6E0D9DCDF509}"
EndProject
Global
	GlobalSection(SolutionConfigurationPlatforms) = preSolution
		Debug|Any CPU = Debug|Any CPU
		Release|Any CPU = Release|Any CPU
	EndGlobalSection
	GlobalSection(ProjectConfigurationPlatforms) = postSolution
		{16C091F7-1E2A-42CE-B34C-6E0D9DCDF509}.Debug|Any CPU.ActiveCfg = Debug|Any CPU
		{16C091F7-1E2A-42CE-B34C-6E0D9DCDF509}.Debug|Any CPU.Build.0 = Debug|Any CPU
		{16C091F7-1E2A-42CE-B34C-6E0D9DCDF509}.Release|Any CPU.ActiveCfg = Release|Any CPU
		{16C091F7-1E2A-42CE-B34C-6E0D9DCDF509}.Release|Any CPU.Build.0 = Release|Any CPU
	EndGlobalSection
	GlobalSection(SolutionProperties) = preSolution
		HideSolutionNode = FALSE
	EndGlobalSection
	GlobalSection(ExtensibilityGlobals) = postSolution
		SolutionGuid = {29770561-7A54-4C29-A61C-F9767850263F}
	EndGlobalSection
EndGlobal
