
Microsoft Visual Studio Solution File, Format Version 12.00
# Visual Studio Version 17
VisualStudioVersion = 17.9.34714.143
MinimumVisualStudioVersion = 10.0.40219.1
Project("{FAE04EC0-301F-11D3-BF4B-00C04F79EFBC}") = "Operators_Q1_Operators", "Operators_Q1_Operators\Operators_Q1_Operators.csproj", "{371F899C-92A8-48F7-A578-282C5AD0C9A4}"
EndProject
Global
	GlobalSection(SolutionConfigurationPlatforms) = preSolution
		Debug|Any CPU = Debug|Any CPU
		Release|Any CPU = Release|Any CPU
	EndGlobalSection
	GlobalSection(ProjectConfigurationPlatforms) = postSolution
		{371F899C-92A8-48F7-A578-282C5AD0C9A4}.Debug|Any CPU.ActiveCfg = Debug|Any CPU
		{371F899C-92A8-48F7-A578-282C5AD0C9A4}.Debug|Any CPU.Build.0 = Debug|Any CPU
		{371F899C-92A8-48F7-A578-282C5AD0C9A4}.Release|Any CPU.ActiveCfg = Release|Any CPU
		{371F899C-92A8-48F7-A578-282C5AD0C9A4}.Release|Any CPU.Build.0 = Release|Any CPU
	EndGlobalSection
	GlobalSection(SolutionProperties) = preSolution
		HideSolutionNode = FALSE
	EndGlobalSection
	GlobalSection(ExtensibilityGlobals) = postSolution
		SolutionGuid = {356B884A-939D-47A2-AA25-312460FB4DA3}
	EndGlobalSection
EndGlobal
